
Microsoft Visual Studio Solution File, Format Version 9.00
# Visual Studio 2005
Project("{8BC9CEB8-8B4A-11D0-8D11-00A0C91BC942}") = "NetTester", "NetTester.vcproj", "{148B9146-FDB0-4419-AC3F-95DCE8919DA2}"
EndProject
Global
	GlobalSection(SolutionConfigurationPlatforms) = preSolution
		Debug|Win32 = Debug|Win32
		Release|Win32 = Release|Win32
	EndGlobalSection
	GlobalSection(ProjectConfigurationPlatforms) = postSolution
		{148B9146-FDB0-4419-AC3F-95DCE8919DA2}.Debug|Win32.ActiveCfg = Debug|Win32
		{148B9146-FDB0-4419-AC3F-95DCE8919DA2}.Debug|Win32.Build.0 = Debug|Win32
		{148B9146-FDB0-4419-AC3F-95DCE8919DA2}.Release|Win32.ActiveCfg = Release|Win32
		{148B9146-FDB0-4419-AC3F-95DCE8919DA2}.Release|Win32.Build.0 = Release|Win32
	EndGlobalSection
	GlobalSection(SolutionProperties) = preSolution
		HideSolutionNode = FALSE
	EndGlobalSection
EndGlobal
